// !$*UTF8*$!
{
	archiveVersion = 1;
	classes = {
	};
	objectVersion = 46;
	objects = {

/* Begin PBXBuildFile section */
		030013791B713D7C00392B4A /* Bolts.framework in Frameworks */ = {isa = PBXBuildFile; fileRef = 030013731B713D7C00392B4A /* Bolts.framework */; };
		0300137A1B713D7C00392B4A /* Parse.framework in Frameworks */ = {isa = PBXBuildFile; fileRef = 030013741B713D7C00392B4A /* Parse.framework */; };
		0300137B1B713D7C00392B4A /* ParseCrashReporting.framework in Frameworks */ = {isa = PBXBuildFile; fileRef = 030013751B713D7C00392B4A /* ParseCrashReporting.framework */; };
		0300137C1B713D7C00392B4A /* ParseFacebookUtils.framework in Frameworks */ = {isa = PBXBuildFile; fileRef = 030013761B713D7C00392B4A /* ParseFacebookUtils.framework */; };
		0300137D1B713D7C00392B4A /* ParseFacebookUtilsV4.framework in Frameworks */ = {isa = PBXBuildFile; fileRef = 030013771B713D7C00392B4A /* ParseFacebookUtilsV4.framework */; };
		0300137E1B713D7C00392B4A /* ParseUI.framework in Frameworks */ = {isa = PBXBuildFile; fileRef = 030013781B713D7C00392B4A /* ParseUI.framework */; };
		0300138A1B713F0300392B4A /* AudioToolbox.framework in Frameworks */ = {isa = PBXBuildFile; fileRef = 030013801B713F0300392B4A /* AudioToolbox.framework */; settings = {ATTRIBUTES = (Required, ); }; };
		0300138B1B713F0300392B4A /* CFNetwork.framework in Frameworks */ = {isa = PBXBuildFile; fileRef = 030013811B713F0300392B4A /* CFNetwork.framework */; };
		0300138C1B713F0300392B4A /* CoreGraphics.framework in Frameworks */ = {isa = PBXBuildFile; fileRef = 030013821B713F0300392B4A /* CoreGraphics.framework */; };
		0300138D1B713F0300392B4A /* CoreLocation.framework in Frameworks */ = {isa = PBXBuildFile; fileRef = 030013831B713F0300392B4A /* CoreLocation.framework */; };
		0300138E1B713F0300392B4A /* libsqlite3.dylib in Frameworks */ = {isa = PBXBuildFile; fileRef = 030013841B713F0300392B4A /* libsqlite3.dylib */; };
		0300138F1B713F0300392B4A /* libz.dylib in Frameworks */ = {isa = PBXBuildFile; fileRef = 030013851B713F0300392B4A /* libz.dylib */; };
		030013901B713F0300392B4A /* QuartzCore.framework in Frameworks */ = {isa = PBXBuildFile; fileRef = 030013861B713F0300392B4A /* QuartzCore.framework */; };
		030013911B713F0300392B4A /* Security.framework in Frameworks */ = {isa = PBXBuildFile; fileRef = 030013871B713F0300392B4A /* Security.framework */; };
		030013921B713F0300392B4A /* StoreKit.framework in Frameworks */ = {isa = PBXBuildFile; fileRef = 030013881B713F0300392B4A /* StoreKit.framework */; };
		030013931B713F0300392B4A /* SystemConfiguration.framework in Frameworks */ = {isa = PBXBuildFile; fileRef = 030013891B713F0300392B4A /* SystemConfiguration.framework */; };
		03AE3E781B70281600CA4898 /* AppDelegate.swift in Sources */ = {isa = PBXBuildFile; fileRef = 03AE3E771B70281600CA4898 /* AppDelegate.swift */; };
		03AE3E7B1B70281600CA4898 /* innerChallege.xcdatamodeld in Sources */ = {isa = PBXBuildFile; fileRef = 03AE3E791B70281600CA4898 /* innerChallege.xcdatamodeld */; };
		03AE3E7D1B70281600CA4898 /* ViewController.swift in Sources */ = {isa = PBXBuildFile; fileRef = 03AE3E7C1B70281600CA4898 /* ViewController.swift */; };
		03AE3E801B70281600CA4898 /* Main.storyboard in Resources */ = {isa = PBXBuildFile; fileRef = 03AE3E7E1B70281600CA4898 /* Main.storyboard */; };
		03AE3E821B70281600CA4898 /* Images.xcassets in Resources */ = {isa = PBXBuildFile; fileRef = 03AE3E811B70281600CA4898 /* Images.xcassets */; };
		03AE3E851B70281600CA4898 /* LaunchScreen.xib in Resources */ = {isa = PBXBuildFile; fileRef = 03AE3E831B70281600CA4898 /* LaunchScreen.xib */; };
		03AE3E911B70281600CA4898 /* innerChallegeTests.swift in Sources */ = {isa = PBXBuildFile; fileRef = 03AE3E901B70281600CA4898 /* innerChallegeTests.swift */; };
		03AE3E9D1B7028EA00CA4898 /* SWRevealViewController.m in Sources */ = {isa = PBXBuildFile; fileRef = 03AE3E9C1B7028EA00CA4898 /* SWRevealViewController.m */; };
		03AE3E9F1B702B5700CA4898 /* SettingsViewController.swift in Sources */ = {isa = PBXBuildFile; fileRef = 03AE3E9E1B702B5700CA4898 /* SettingsViewController.swift */; };
		03E865251B703F2000A25BAF /* Profile.swift in Sources */ = {isa = PBXBuildFile; fileRef = 03E865241B703F2000A25BAF /* Profile.swift */; };
		03E865271B708A2B00A25BAF /* Chat.swift in Sources */ = {isa = PBXBuildFile; fileRef = 03E865261B708A2B00A25BAF /* Chat.swift */; };
		03E865291B7119C500A25BAF /* Reel.swift in Sources */ = {isa = PBXBuildFile; fileRef = 03E865281B7119C500A25BAF /* Reel.swift */; };
		03E8652B1B7119D300A25BAF /* Calendar.swift in Sources */ = {isa = PBXBuildFile; fileRef = 03E8652A1B7119D300A25BAF /* Calendar.swift */; };
		03E8652D1B7119DD00A25BAF /* Members.swift in Sources */ = {isa = PBXBuildFile; fileRef = 03E8652C1B7119DD00A25BAF /* Members.swift */; };
		03E8652F1B7119E200A25BAF /* Settings.swift in Sources */ = {isa = PBXBuildFile; fileRef = 03E8652E1B7119E200A25BAF /* Settings.swift */; };
/* End PBXBuildFile section */

/* Begin PBXContainerItemProxy section */
		03AE3E8B1B70281600CA4898 /* PBXContainerItemProxy */ = {
			isa = PBXContainerItemProxy;
			containerPortal = 03AE3E6A1B70281600CA4898 /* Project object */;
			proxyType = 1;
			remoteGlobalIDString = 03AE3E711B70281600CA4898;
			remoteInfo = innerChallege;
		};
/* End PBXContainerItemProxy section */

/* Begin PBXFileReference section */
		030013731B713D7C00392B4A /* Bolts.framework */ = {isa = PBXFileReference; lastKnownFileType = wrapper.framework; path = Bolts.framework; sourceTree = "<group>"; };
		030013741B713D7C00392B4A /* Parse.framework */ = {isa = PBXFileReference; lastKnownFileType = wrapper.framework; path = Parse.framework; sourceTree = "<group>"; };
		030013751B713D7C00392B4A /* ParseCrashReporting.framework */ = {isa = PBXFileReference; lastKnownFileType = wrapper.framework; path = ParseCrashReporting.framework; sourceTree = "<group>"; };
		030013761B713D7C00392B4A /* ParseFacebookUtils.framework */ = {isa = PBXFileReference; lastKnownFileType = wrapper.framework; path = ParseFacebookUtils.framework; sourceTree = "<group>"; };
		030013771B713D7C00392B4A /* ParseFacebookUtilsV4.framework */ = {isa = PBXFileReference; lastKnownFileType = wrapper.framework; path = ParseFacebookUtilsV4.framework; sourceTree = "<group>"; };
		030013781B713D7C00392B4A /* ParseUI.framework */ = {isa = PBXFileReference; lastKnownFileType = wrapper.framework; path = ParseUI.framework; sourceTree = "<group>"; };
		030013801B713F0300392B4A /* AudioToolbox.framework */ = {isa = PBXFileReference; lastKnownFileType = wrapper.framework; name = AudioToolbox.framework; path = System/Library/Frameworks/AudioToolbox.framework; sourceTree = SDKROOT; };
		030013811B713F0300392B4A /* CFNetwork.framework */ = {isa = PBXFileReference; lastKnownFileType = wrapper.framework; name = CFNetwork.framework; path = System/Library/Frameworks/CFNetwork.framework; sourceTree = SDKROOT; };
		030013821B713F0300392B4A /* CoreGraphics.framework */ = {isa = PBXFileReference; lastKnownFileType = wrapper.framework; name = CoreGraphics.framework; path = System/Library/Frameworks/CoreGraphics.framework; sourceTree = SDKROOT; };
		030013831B713F0300392B4A /* CoreLocation.framework */ = {isa = PBXFileReference; lastKnownFileType = wrapper.framework; name = CoreLocation.framework; path = System/Library/Frameworks/CoreLocation.framework; sourceTree = SDKROOT; };
		030013841B713F0300392B4A /* libsqlite3.dylib */ = {isa = PBXFileReference; lastKnownFileType = "compiled.mach-o.dylib"; name = libsqlite3.dylib; path = usr/lib/libsqlite3.dylib; sourceTree = SDKROOT; };
		030013851B713F0300392B4A /* libz.dylib */ = {isa = PBXFileReference; lastKnownFileType = "compiled.mach-o.dylib"; name = libz.dylib; path = usr/lib/libz.dylib; sourceTree = SDKROOT; };
		030013861B713F0300392B4A /* QuartzCore.framework */ = {isa = PBXFileReference; lastKnownFileType = wrapper.framework; name = QuartzCore.framework; path = System/Library/Frameworks/QuartzCore.framework; sourceTree = SDKROOT; };
		030013871B713F0300392B4A /* Security.framework */ = {isa = PBXFileReference; lastKnownFileType = wrapper.framework; name = Security.framework; path = System/Library/Frameworks/Security.framework; sourceTree = SDKROOT; };
		030013881B713F0300392B4A /* StoreKit.framework */ = {isa = PBXFileReference; lastKnownFileType = wrapper.framework; name = StoreKit.framework; path = System/Library/Frameworks/StoreKit.framework; sourceTree = SDKROOT; };
		030013891B713F0300392B4A /* SystemConfiguration.framework */ = {isa = PBXFileReference; lastKnownFileType = wrapper.framework; name = SystemConfiguration.framework; path = System/Library/Frameworks/SystemConfiguration.framework; sourceTree = SDKROOT; };
		03AE3E721B70281600CA4898 /* innerChallege.app */ = {isa = PBXFileReference; explicitFileType = wrapper.application; includeInIndex = 0; path = innerChallege.app; sourceTree = BUILT_PRODUCTS_DIR; };
		03AE3E761B70281600CA4898 /* Info.plist */ = {isa = PBXFileReference; lastKnownFileType = text.plist.xml; path = Info.plist; sourceTree = "<group>"; };
		03AE3E771B70281600CA4898 /* AppDelegate.swift */ = {isa = PBXFileReference; lastKnownFileType = sourcecode.swift; path = AppDelegate.swift; sourceTree = "<group>"; };
		03AE3E7A1B70281600CA4898 /* innerChallege.xcdatamodel */ = {isa = PBXFileReference; lastKnownFileType = wrapper.xcdatamodel; path = innerChallege.xcdatamodel; sourceTree = "<group>"; };
		03AE3E7C1B70281600CA4898 /* ViewController.swift */ = {isa = PBXFileReference; lastKnownFileType = sourcecode.swift; path = ViewController.swift; sourceTree = "<group>"; };
		03AE3E7F1B70281600CA4898 /* Base */ = {isa = PBXFileReference; lastKnownFileType = file.storyboard; name = Base; path = Base.lproj/Main.storyboard; sourceTree = "<group>"; };
		03AE3E811B70281600CA4898 /* Images.xcassets */ = {isa = PBXFileReference; lastKnownFileType = folder.assetcatalog; path = Images.xcassets; sourceTree = "<group>"; };
		03AE3E841B70281600CA4898 /* Base */ = {isa = PBXFileReference; lastKnownFileType = file.xib; name = Base; path = Base.lproj/LaunchScreen.xib; sourceTree = "<group>"; };
		03AE3E8A1B70281600CA4898 /* innerChallegeTests.xctest */ = {isa = PBXFileReference; explicitFileType = wrapper.cfbundle; includeInIndex = 0; path = innerChallegeTests.xctest; sourceTree = BUILT_PRODUCTS_DIR; };
		03AE3E8F1B70281600CA4898 /* Info.plist */ = {isa = PBXFileReference; lastKnownFileType = text.plist.xml; path = Info.plist; sourceTree = "<group>"; };
		03AE3E901B70281600CA4898 /* innerChallegeTests.swift */ = {isa = PBXFileReference; lastKnownFileType = sourcecode.swift; path = innerChallegeTests.swift; sourceTree = "<group>"; };
		03AE3E9A1B7028E900CA4898 /* innerChallege-Bridging-Header.h */ = {isa = PBXFileReference; lastKnownFileType = sourcecode.c.h; path = "innerChallege-Bridging-Header.h"; sourceTree = "<group>"; };
		03AE3E9B1B7028EA00CA4898 /* SWRevealViewController.h */ = {isa = PBXFileReference; fileEncoding = 4; lastKnownFileType = sourcecode.c.h; path = SWRevealViewController.h; sourceTree = "<group>"; };
		03AE3E9C1B7028EA00CA4898 /* SWRevealViewController.m */ = {isa = PBXFileReference; fileEncoding = 4; lastKnownFileType = sourcecode.c.objc; path = SWRevealViewController.m; sourceTree = "<group>"; };
		03AE3E9E1B702B5700CA4898 /* SettingsViewController.swift */ = {isa = PBXFileReference; fileEncoding = 4; lastKnownFileType = sourcecode.swift; path = SettingsViewController.swift; sourceTree = "<group>"; };
		03E865241B703F2000A25BAF /* Profile.swift */ = {isa = PBXFileReference; fileEncoding = 4; lastKnownFileType = sourcecode.swift; path = Profile.swift; sourceTree = "<group>"; };
		03E865261B708A2B00A25BAF /* Chat.swift */ = {isa = PBXFileReference; fileEncoding = 4; lastKnownFileType = sourcecode.swift; path = Chat.swift; sourceTree = "<group>"; };
		03E865281B7119C500A25BAF /* Reel.swift */ = {isa = PBXFileReference; fileEncoding = 4; lastKnownFileType = sourcecode.swift; path = Reel.swift; sourceTree = "<group>"; };
		03E8652A1B7119D300A25BAF /* Calendar.swift */ = {isa = PBXFileReference; fileEncoding = 4; lastKnownFileType = sourcecode.swift; path = Calendar.swift; sourceTree = "<group>"; };
		03E8652C1B7119DD00A25BAF /* Members.swift */ = {isa = PBXFileReference; fileEncoding = 4; lastKnownFileType = sourcecode.swift; path = Members.swift; sourceTree = "<group>"; };
		03E8652E1B7119E200A25BAF /* Settings.swift */ = {isa = PBXFileReference; fileEncoding = 4; lastKnownFileType = sourcecode.swift; path = Settings.swift; sourceTree = "<group>"; };
/* End PBXFileReference section */

/* Begin PBXFrameworksBuildPhase section */
		03AE3E6F1B70281600CA4898 /* Frameworks */ = {
			isa = PBXFrameworksBuildPhase;
			buildActionMask = 2147483647;
			files = (
				0300138A1B713F0300392B4A /* AudioToolbox.framework in Frameworks */,
				0300138B1B713F0300392B4A /* CFNetwork.framework in Frameworks */,
				0300138C1B713F0300392B4A /* CoreGraphics.framework in Frameworks */,
				0300138D1B713F0300392B4A /* CoreLocation.framework in Frameworks */,
				0300138E1B713F0300392B4A /* libsqlite3.dylib in Frameworks */,
				0300138F1B713F0300392B4A /* libz.dylib in Frameworks */,
				030013901B713F0300392B4A /* QuartzCore.framework in Frameworks */,
				030013911B713F0300392B4A /* Security.framework in Frameworks */,
				030013921B713F0300392B4A /* StoreKit.framework in Frameworks */,
				030013931B713F0300392B4A /* SystemConfiguration.framework in Frameworks */,
				0300137E1B713D7C00392B4A /* ParseUI.framework in Frameworks */,
				0300137A1B713D7C00392B4A /* Parse.framework in Frameworks */,
				0300137B1B713D7C00392B4A /* ParseCrashReporting.framework in Frameworks */,
				0300137C1B713D7C00392B4A /* ParseFacebookUtils.framework in Frameworks */,
				030013791B713D7C00392B4A /* Bolts.framework in Frameworks */,
				0300137D1B713D7C00392B4A /* ParseFacebookUtilsV4.framework in Frameworks */,
			);
			runOnlyForDeploymentPostprocessing = 0;
		};
		03AE3E871B70281600CA4898 /* Frameworks */ = {
			isa = PBXFrameworksBuildPhase;
			buildActionMask = 2147483647;
			files = (
			);
			runOnlyForDeploymentPostprocessing = 0;
		};
/* End PBXFrameworksBuildPhase section */

/* Begin PBXGroup section */
		030013721B71399800392B4A /* Views */ = {
			isa = PBXGroup;
			children = (
				03E865241B703F2000A25BAF /* Profile.swift */,
				03E865261B708A2B00A25BAF /* Chat.swift */,
				03E865281B7119C500A25BAF /* Reel.swift */,
				03E8652A1B7119D300A25BAF /* Calendar.swift */,
				03E8652C1B7119DD00A25BAF /* Members.swift */,
				03E8652E1B7119E200A25BAF /* Settings.swift */,
			);
			name = Views;
			sourceTree = "<group>";
		};
		0300137F1B713DB900392B4A /* ParseFramework */ = {
			isa = PBXGroup;
			children = (
				030013801B713F0300392B4A /* AudioToolbox.framework */,
				030013811B713F0300392B4A /* CFNetwork.framework */,
				030013821B713F0300392B4A /* CoreGraphics.framework */,
				030013831B713F0300392B4A /* CoreLocation.framework */,
				030013841B713F0300392B4A /* libsqlite3.dylib */,
				030013851B713F0300392B4A /* libz.dylib */,
				030013861B713F0300392B4A /* QuartzCore.framework */,
				030013871B713F0300392B4A /* Security.framework */,
				030013881B713F0300392B4A /* StoreKit.framework */,
				030013891B713F0300392B4A /* SystemConfiguration.framework */,
				030013731B713D7C00392B4A /* Bolts.framework */,
				030013741B713D7C00392B4A /* Parse.framework */,
				030013751B713D7C00392B4A /* ParseCrashReporting.framework */,
				030013761B713D7C00392B4A /* ParseFacebookUtils.framework */,
				030013771B713D7C00392B4A /* ParseFacebookUtilsV4.framework */,
				030013781B713D7C00392B4A /* ParseUI.framework */,
			);
			name = ParseFramework;
			sourceTree = "<group>";
		};
		03AE3E691B70281600CA4898 = {
			isa = PBXGroup;
			children = (
				03AE3E741B70281600CA4898 /* innerChallege */,
				03AE3E8D1B70281600CA4898 /* innerChallegeTests */,
				03AE3E731B70281600CA4898 /* Products */,
			);
			sourceTree = "<group>";
		};
		03AE3E731B70281600CA4898 /* Products */ = {
			isa = PBXGroup;
			children = (
				03AE3E721B70281600CA4898 /* innerChallege.app */,
				03AE3E8A1B70281600CA4898 /* innerChallegeTests.xctest */,
			);
			name = Products;
			sourceTree = "<group>";
		};
		03AE3E741B70281600CA4898 /* innerChallege */ = {
			isa = PBXGroup;
			children = (
				03AE3E771B70281600CA4898 /* AppDelegate.swift */,
				03AE3E7C1B70281600CA4898 /* ViewController.swift */,
				03AE3E9E1B702B5700CA4898 /* SettingsViewController.swift */,
				03AE3E7E1B70281600CA4898 /* Main.storyboard */,
				03AE3E811B70281600CA4898 /* Images.xcassets */,
				03AE3E831B70281600CA4898 /* LaunchScreen.xib */,
				03AE3E791B70281600CA4898 /* innerChallege.xcdatamodeld */,
				030013721B71399800392B4A /* Views */,
				0300137F1B713DB900392B4A /* ParseFramework */,
				03AE3E751B70281600CA4898 /* Supporting Files */,
			);
			path = innerChallege;
			sourceTree = "<group>";
		};
		03AE3E751B70281600CA4898 /* Supporting Files */ = {
			isa = PBXGroup;
			children = (
				03AE3E9B1B7028EA00CA4898 /* SWRevealViewController.h */,
				03AE3E9C1B7028EA00CA4898 /* SWRevealViewController.m */,
				03AE3E761B70281600CA4898 /* Info.plist */,
				03AE3E9A1B7028E900CA4898 /* innerChallege-Bridging-Header.h */,
			);
			name = "Supporting Files";
			sourceTree = "<group>";
		};
		03AE3E8D1B70281600CA4898 /* innerChallegeTests */ = {
			isa = PBXGroup;
			children = (
				03AE3E901B70281600CA4898 /* innerChallegeTests.swift */,
				03AE3E8E1B70281600CA4898 /* Supporting Files */,
			);
			path = innerChallegeTests;
			sourceTree = "<group>";
		};
		03AE3E8E1B70281600CA4898 /* Supporting Files */ = {
			isa = PBXGroup;
			children = (
				03AE3E8F1B70281600CA4898 /* Info.plist */,
			);
			name = "Supporting Files";
			sourceTree = "<group>";
		};
/* End PBXGroup section */

/* Begin PBXNativeTarget section */
		03AE3E711B70281600CA4898 /* innerChallege */ = {
			isa = PBXNativeTarget;
			buildConfigurationList = 03AE3E941B70281600CA4898 /* Build configuration list for PBXNativeTarget "innerChallege" */;
			buildPhases = (
				03AE3E6E1B70281600CA4898 /* Sources */,
				03AE3E6F1B70281600CA4898 /* Frameworks */,
				03AE3E701B70281600CA4898 /* Resources */,
			);
			buildRules = (
			);
			dependencies = (
			);
			name = innerChallege;
			productName = innerChallege;
			productReference = 03AE3E721B70281600CA4898 /* innerChallege.app */;
			productType = "com.apple.product-type.application";
		};
		03AE3E891B70281600CA4898 /* innerChallegeTests */ = {
			isa = PBXNativeTarget;
			buildConfigurationList = 03AE3E971B70281600CA4898 /* Build configuration list for PBXNativeTarget "innerChallegeTests" */;
			buildPhases = (
				03AE3E861B70281600CA4898 /* Sources */,
				03AE3E871B70281600CA4898 /* Frameworks */,
				03AE3E881B70281600CA4898 /* Resources */,
			);
			buildRules = (
			);
			dependencies = (
				03AE3E8C1B70281600CA4898 /* PBXTargetDependency */,
			);
			name = innerChallegeTests;
			productName = innerChallegeTests;
			productReference = 03AE3E8A1B70281600CA4898 /* innerChallegeTests.xctest */;
			productType = "com.apple.product-type.bundle.unit-test";
		};
/* End PBXNativeTarget section */

/* Begin PBXProject section */
		03AE3E6A1B70281600CA4898 /* Project object */ = {
			isa = PBXProject;
			attributes = {
				LastUpgradeCheck = 0640;
				ORGANIZATIONNAME = "Antony Yang";
				TargetAttributes = {
					03AE3E711B70281600CA4898 = {
						CreatedOnToolsVersion = 6.4;
					};
					03AE3E891B70281600CA4898 = {
						CreatedOnToolsVersion = 6.4;
						TestTargetID = 03AE3E711B70281600CA4898;
					};
				};
			};
			buildConfigurationList = 03AE3E6D1B70281600CA4898 /* Build configuration list for PBXProject "innerChallege" */;
			compatibilityVersion = "Xcode 3.2";
			developmentRegion = English;
			hasScannedForEncodings = 0;
			knownRegions = (
				en,
				Base,
			);
			mainGroup = 03AE3E691B70281600CA4898;
			productRefGroup = 03AE3E731B70281600CA4898 /* Products */;
			projectDirPath = "";
			projectRoot = "";
			targets = (
				03AE3E711B70281600CA4898 /* innerChallege */,
				03AE3E891B70281600CA4898 /* innerChallegeTests */,
			);
		};
/* End PBXProject section */

/* Begin PBXResourcesBuildPhase section */
		03AE3E701B70281600CA4898 /* Resources */ = {
			isa = PBXResourcesBuildPhase;
			buildActionMask = 2147483647;
			files = (
				03AE3E801B70281600CA4898 /* Main.storyboard in Resources */,
				03AE3E851B70281600CA4898 /* LaunchScreen.xib in Resources */,
				03AE3E821B70281600CA4898 /* Images.xcassets in Resources */,
			);
			runOnlyForDeploymentPostprocessing = 0;
		};
		03AE3E881B70281600CA4898 /* Resources */ = {
			isa = PBXResourcesBuildPhase;
			buildActionMask = 2147483647;
			files = (
			);
			runOnlyForDeploymentPostprocessing = 0;
		};
/* End PBXResourcesBuildPhase section */

/* Begin PBXSourcesBuildPhase section */
		03AE3E6E1B70281600CA4898 /* Sources */ = {
			isa = PBXSourcesBuildPhase;
			buildActionMask = 2147483647;
			files = (
				03AE3E7D1B70281600CA4898 /* ViewController.swift in Sources */,
				03E8652D1B7119DD00A25BAF /* Members.swift in Sources */,
				03E865251B703F2000A25BAF /* Profile.swift in Sources */,
				03E8652B1B7119D300A25BAF /* Calendar.swift in Sources */,
				03E865271B708A2B00A25BAF /* Chat.swift in Sources */,
				03AE3E781B70281600CA4898 /* AppDelegate.swift in Sources */,
				03AE3E7B1B70281600CA4898 /* innerChallege.xcdatamodeld in Sources */,
				03E865291B7119C500A25BAF /* Reel.swift in Sources */,
				03AE3E9F1B702B5700CA4898 /* SettingsViewController.swift in Sources */,
				03E8652F1B7119E200A25BAF /* Settings.swift in Sources */,
				03AE3E9D1B7028EA00CA4898 /* SWRevealViewController.m in Sources */,
			);
			runOnlyForDeploymentPostprocessing = 0;
		};
		03AE3E861B70281600CA4898 /* Sources */ = {
			isa = PBXSourcesBuildPhase;
			buildActionMask = 2147483647;
			files = (
				03AE3E911B70281600CA4898 /* innerChallegeTests.swift in Sources */,
			);
			runOnlyForDeploymentPostprocessing = 0;
		};
/* End PBXSourcesBuildPhase section */

/* Begin PBXTargetDependency section */
		03AE3E8C1B70281600CA4898 /* PBXTargetDependency */ = {
			isa = PBXTargetDependency;
			target = 03AE3E711B70281600CA4898 /* innerChallege */;
			targetProxy = 03AE3E8B1B70281600CA4898 /* PBXContainerItemProxy */;
		};
/* End PBXTargetDependency section */

/* Begin PBXVariantGroup section */
		03AE3E7E1B70281600CA4898 /* Main.storyboard */ = {
			isa = PBXVariantGroup;
			children = (
				03AE3E7F1B70281600CA4898 /* Base */,
			);
			name = Main.storyboard;
			sourceTree = "<group>";
		};
		03AE3E831B70281600CA4898 /* LaunchScreen.xib */ = {
			isa = PBXVariantGroup;
			children = (
				03AE3E841B70281600CA4898 /* Base */,
			);
			name = LaunchScreen.xib;
			sourceTree = "<group>";
		};
/* End PBXVariantGroup section */

/* Begin XCBuildConfiguration section */
		03AE3E921B70281600CA4898 /* Debug */ = {
			isa = XCBuildConfiguration;
			buildSettings = {
				ALWAYS_SEARCH_USER_PATHS = NO;
				CLANG_CXX_LANGUAGE_STANDARD = "gnu++0x";
				CLANG_CXX_LIBRARY = "libc++";
				CLANG_ENABLE_MODULES = YES;
				CLANG_ENABLE_OBJC_ARC = YES;
				CLANG_WARN_BOOL_CONVERSION = YES;
				CLANG_WARN_CONSTANT_CONVERSION = YES;
				CLANG_WARN_DIRECT_OBJC_ISA_USAGE = YES_ERROR;
				CLANG_WARN_EMPTY_BODY = YES;
				CLANG_WARN_ENUM_CONVERSION = YES;
				CLANG_WARN_INT_CONVERSION = YES;
				CLANG_WARN_OBJC_ROOT_CLASS = YES_ERROR;
				CLANG_WARN_UNREACHABLE_CODE = YES;
				CLANG_WARN__DUPLICATE_METHOD_MATCH = YES;
				"CODE_SIGN_IDENTITY[sdk=iphoneos*]" = "iPhone Developer";
				COPY_PHASE_STRIP = NO;
				DEBUG_INFORMATION_FORMAT = "dwarf-with-dsym";
				ENABLE_STRICT_OBJC_MSGSEND = YES;
				GCC_C_LANGUAGE_STANDARD = gnu99;
				GCC_DYNAMIC_NO_PIC = NO;
				GCC_NO_COMMON_BLOCKS = YES;
				GCC_OPTIMIZATION_LEVEL = 0;
				GCC_PREPROCESSOR_DEFINITIONS = (
					"DEBUG=1",
					"$(inherited)",
				);
				GCC_SYMBOLS_PRIVATE_EXTERN = NO;
				GCC_WARN_64_TO_32_BIT_CONVERSION = YES;
				GCC_WARN_ABOUT_RETURN_TYPE = YES_ERROR;
				GCC_WARN_UNDECLARED_SELECTOR = YES;
				GCC_WARN_UNINITIALIZED_AUTOS = YES_AGGRESSIVE;
				GCC_WARN_UNUSED_FUNCTION = YES;
				GCC_WARN_UNUSED_VARIABLE = YES;
				IPHONEOS_DEPLOYMENT_TARGET = 8.4;
				MTL_ENABLE_DEBUG_INFO = YES;
				ONLY_ACTIVE_ARCH = YES;
				SDKROOT = iphoneos;
				SWIFT_OPTIMIZATION_LEVEL = "-Onone";
			};
			name = Debug;
		};
		03AE3E931B70281600CA4898 /* Release */ = {
			isa = XCBuildConfiguration;
			buildSettings = {
				ALWAYS_SEARCH_USER_PATHS = NO;
				CLANG_CXX_LANGUAGE_STANDARD = "gnu++0x";
				CLANG_CXX_LIBRARY = "libc++";
				CLANG_ENABLE_MODULES = YES;
				CLANG_ENABLE_OBJC_ARC = YES;
				CLANG_WARN_BOOL_CONVERSION = YES;
				CLANG_WARN_CONSTANT_CONVERSION = YES;
				CLANG_WARN_DIRECT_OBJC_ISA_USAGE = YES_ERROR;
				CLANG_WARN_EMPTY_BODY = YES;
				CLANG_WARN_ENUM_CONVERSION = YES;
				CLANG_WARN_INT_CONVERSION = YES;
				CLANG_WARN_OBJC_ROOT_CLASS = YES_ERROR;
				CLANG_WARN_UNREACHABLE_CODE = YES;
				CLANG_WARN__DUPLICATE_METHOD_MATCH = YES;
				"CODE_SIGN_IDENTITY[sdk=iphoneos*]" = "iPhone Developer";
				COPY_PHASE_STRIP = NO;
				DEBUG_INFORMATION_FORMAT = "dwarf-with-dsym";
				ENABLE_NS_ASSERTIONS = NO;
				ENABLE_STRICT_OBJC_MSGSEND = YES;
				GCC_C_LANGUAGE_STANDARD = gnu99;
				GCC_NO_COMMON_BLOCKS = YES;
				GCC_WARN_64_TO_32_BIT_CONVERSION = YES;
				GCC_WARN_ABOUT_RETURN_TYPE = YES_ERROR;
				GCC_WARN_UNDECLARED_SELECTOR = YES;
				GCC_WARN_UNINITIALIZED_AUTOS = YES_AGGRESSIVE;
				GCC_WARN_UNUSED_FUNCTION = YES;
				GCC_WARN_UNUSED_VARIABLE = YES;
				IPHONEOS_DEPLOYMENT_TARGET = 8.4;
				MTL_ENABLE_DEBUG_INFO = NO;
				SDKROOT = iphoneos;
				VALIDATE_PRODUCT = YES;
			};
			name = Release;
		};
		03AE3E951B70281600CA4898 /* Debug */ = {
			isa = XCBuildConfiguration;
			buildSettings = {
				ASSETCATALOG_COMPILER_APPICON_NAME = AppIcon;
				CLANG_ENABLE_MODULES = YES;
				FRAMEWORK_SEARCH_PATHS = (
					"$(inherited)",
					"$(PROJECT_DIR)/innerChallege",
				);
				INFOPLIST_FILE = innerChallege/Info.plist;
				LD_RUNPATH_SEARCH_PATHS = "$(inherited) @executable_path/Frameworks";
				PRODUCT_NAME = "$(TARGET_NAME)";
				SWIFT_OBJC_BRIDGING_HEADER = "innerChallege/innerChallege-Bridging-Header.h";
				SWIFT_OPTIMIZATION_LEVEL = "-Onone";
			};
			name = Debug;
		};
		03AE3E961B70281600CA4898 /* Release */ = {
			isa = XCBuildConfiguration;
			buildSettings = {
				ASSETCATALOG_COMPILER_APPICON_NAME = AppIcon;
				CLANG_ENABLE_MODULES = YES;
				FRAMEWORK_SEARCH_PATHS = (
					"$(inherited)",
					"$(PROJECT_DIR)/innerChallege",
				);
				INFOPLIST_FILE = innerChallege/Info.plist;
				LD_RUNPATH_SEARCH_PATHS = "$(inherited) @executable_path/Frameworks";
				PRODUCT_NAME = "$(TARGET_NAME)";
				SWIFT_OBJC_BRIDGING_HEADER = "innerChallege/innerChallege-Bridging-Header.h";
			};
			name = Release;
		};
		03AE3E981B70281600CA4898 /* Debug */ = {
			isa = XCBuildConfiguration;
			buildSettings = {
				BUNDLE_LOADER = "$(TEST_HOST)";
				FRAMEWORK_SEARCH_PATHS = (
					"$(SDKROOT)/Developer/Library/Frameworks",
					"$(inherited)",
				);
				GCC_PREPROCESSOR_DEFINITIONS = (
					"DEBUG=1",
					"$(inherited)",
				);
				INFOPLIST_FILE = innerChallegeTests/Info.plist;
				LD_RUNPATH_SEARCH_PATHS = "$(inherited) @executable_path/Frameworks @loader_path/Frameworks";
				PRODUCT_NAME = "$(TARGET_NAME)";
				TEST_HOST = "$(BUILT_PRODUCTS_DIR)/innerChallege.app/innerChallege";
			};
			name = Debug;
		};
		03AE3E991B70281600CA4898 /* Release */ = {
			isa = XCBuildConfiguration;
			buildSettings = {
				BUNDLE_LOADER = "$(TEST_HOST)";
				FRAMEWORK_SEARCH_PATHS = (
					"$(SDKROOT)/Developer/Library/Frameworks",
					"$(inherited)",
				);
				INFOPLIST_FILE = innerChallegeTests/Info.plist;
				LD_RUNPATH_SEARCH_PATHS = "$(inherited) @executable_path/Frameworks @loader_path/Frameworks";
				PRODUCT_NAME = "$(TARGET_NAME)";
				TEST_HOST = "$(BUILT_PRODUCTS_DIR)/innerChallege.app/innerChallege";
			};
			name = Release;
		};
/* End XCBuildConfiguration section */

/* Begin XCConfigurationList section */
		03AE3E6D1B70281600CA4898 /* Build configuration list for PBXProject "innerChallege" */ = {
			isa = XCConfigurationList;
			buildConfigurations = (
				03AE3E921B70281600CA4898 /* Debug */,
				03AE3E931B70281600CA4898 /* Release */,
			);
			defaultConfigurationIsVisible = 0;
			defaultConfigurationName = Release;
		};
		03AE3E941B70281600CA4898 /* Build configuration list for PBXNativeTarget "innerChallege" */ = {
			isa = XCConfigurationList;
			buildConfigurations = (
				03AE3E951B70281600CA4898 /* Debug */,
				03AE3E961B70281600CA4898 /* Release */,
			);
			defaultConfigurationIsVisible = 0;
			defaultConfigurationName = Release;
		};
		03AE3E971B70281600CA4898 /* Build configuration list for PBXNativeTarget "innerChallegeTests" */ = {
			isa = XCConfigurationList;
			buildConfigurations = (
				03AE3E981B70281600CA4898 /* Debug */,
				03AE3E991B70281600CA4898 /* Release */,
			);
			defaultConfigurationIsVisible = 0;
			defaultConfigurationName = Release;
		};
/* End XCConfigurationList section */

/* Begin XCVersionGroup section */
		03AE3E791B70281600CA4898 /* innerChallege.xcdatamodeld */ = {
			isa = XCVersionGroup;
			children = (
				03AE3E7A1B70281600CA4898 /* innerChallege.xcdatamodel */,
			);
			currentVersion = 03AE3E7A1B70281600CA4898 /* innerChallege.xcdatamodel */;
			path = innerChallege.xcdatamodeld;
			sourceTree = "<group>";
			versionGroupType = wrapper.xcdatamodel;
		};
/* End XCVersionGroup section */
	};
	rootObject = 03AE3E6A1B70281600CA4898 /* Project object */;
}
